{
  "name": "atlas-assessment",
  "lockfileVersion": 2,
  "requires": true,
  "packages": {
    "": {
      "dependencies": {
        "node": "^25.1.0"
      },
      "devDependencies": {
        "lefthook": "^2.0.1"
      }
    },
    "node_modules/lefthook": {
      "version": "2.0.1",
      "resolved": "https://registry.npmjs.org/lefthook/-/lefthook-2.0.1.tgz",
      "integrity": "sha512-3jL1AmEnjchHyFL9GzBaRVcfcPTQLUtXawaF6Y6MXPPCSbirTh8q/is+Ijbd1zn0FA5MwQDdSYm0guVXUkeVWg==",
      "dev": true,
      "hasInstallScript": true,
      "bin": {
        "lefthook": "bin/index.js"
      },
      "optionalDependencies": {
        "lefthook-darwin-arm64": "2.0.1",
        "lefthook-darwin-x64": "2.0.1",
        "lefthook-freebsd-arm64": "2.0.1",
        "lefthook-freebsd-x64": "2.0.1",
        "lefthook-linux-arm64": "2.0.1",
        "lefthook-linux-x64": "2.0.1",
        "lefthook-openbsd-arm64": "2.0.1",
        "lefthook-openbsd-x64": "2.0.1",
        "lefthook-windows-arm64": "2.0.1",
        "lefthook-windows-x64": "2.0.1"
      }
    },
    "node_modules/lefthook-darwin-arm64": {
      "version": "2.0.1",
      "resolved": "https://registry.npmjs.org/lefthook-darwin-arm64/-/lefthook-darwin-arm64-2.0.1.tgz",
      "integrity": "sha512-en5tDduXeltmlbBR/wECkwkILpghR9LxexeBuHWwyTZnOunm3bk4XGg9WKwT1sWlMaKJiXl7Tv0dUB/K1d3ajg==",
      "cpu": [
        "arm64"
      ],
      "dev": true,
      "optional": true,
      "os": [
        "darwin"
      ]
    },
    "node_modules/lefthook-darwin-x64": {
      "version": "2.0.1",
      "resolved": "https://registry.npmjs.org/lefthook-darwin-x64/-/lefthook-darwin-x64-2.0.1.tgz",
      "integrity": "sha512-upD7B5kK3/sAqUKWfcejvWwXmBfu4LK+0bwUZWHE0cuPsn9KEZ8zG0Vw7JSBhuSZ8LeZA8PudlmQXHvR3YjDew==",
      "cpu": [
        "x64"
      ],
      "dev": true,
      "optional": true,
      "os": [
        "darwin"
      ]
    },
    "node_modules/lefthook-freebsd-arm64": {
      "version": "2.0.1",
      "resolved": "https://registry.npmjs.org/lefthook-freebsd-arm64/-/lefthook-freebsd-arm64-2.0.1.tgz",
      "integrity": "sha512-DqraAmqgSOllSzRjhjjaToswhpz0WWfnTo7HPws5BYOLghQJ/qErwXOXs2I76YqbHgXr831wtgkamQOVOfR0Jg==",
      "cpu": [
        "arm64"
      ],
      "dev": true,
      "optional": true,
      "os": [
        "freebsd"
      ]
    },
    "node_modules/lefthook-freebsd-x64": {
      "version": "2.0.1",
      "resolved": "https://registry.npmjs.org/lefthook-freebsd-x64/-/lefthook-freebsd-x64-2.0.1.tgz",
      "integrity": "sha512-kdLmXvgWvSkFLBSIZGevkPEqoOwQIaHAtcXpbfn0unbsgqLG+u4V7Bnp73BfBUkc0ER+72W9gUas9HZALzTjEg==",
      "cpu": [
        "x64"
      ],
      "dev": true,
      "optional": true,
      "os": [
        "freebsd"
      ]
    },
    "node_modules/lefthook-linux-arm64": {
      "version": "2.0.1",
      "resolved": "https://registry.npmjs.org/lefthook-linux-arm64/-/lefthook-linux-arm64-2.0.1.tgz",
      "integrity": "sha512-pEQomhTh0SSeIv3G5337efm1BHQCBSrewYnUydkLFLMwkqzVzIW2119pk5bMNSKFQ2xoRs3AKww+odTgsQiLcQ==",
      "cpu": [
        "arm64"
      ],
      "dev": true,
      "optional": true,
      "os": [
        "linux"
      ]
    },
    "node_modules/lefthook-linux-x64": {
      "version": "2.0.1",
      "resolved": "https://registry.npmjs.org/lefthook-linux-x64/-/lefthook-linux-x64-2.0.1.tgz",
      "integrity": "sha512-8tOmdiUU/awCoW/PJ25QmhHuHXUbDQ9BF3tADYuxgGSSCLtvx1Zvr+F4pyB8jCOAPvsx9XAt3UM3n8/nFXKYcw==",
      "cpu": [
        "x64"
      ],
      "dev": true,
      "optional": true,
      "os": [
        "linux"
      ]
    },
    "node_modules/lefthook-openbsd-arm64": {
      "version": "2.0.1",
      "resolved": "https://registry.npmjs.org/lefthook-openbsd-arm64/-/lefthook-openbsd-arm64-2.0.1.tgz",
      "integrity": "sha512-SBOMOjkyM7bQTvzTlnNS5PzfhJigZJYdmdcJ/H4EadJfxl+72v0YG9SHY64AdfuvZUB39AvaBD6UothZCtLuEQ==",
      "cpu": [
        "arm64"
      ],
      "dev": true,
      "optional": true,
      "os": [
        "openbsd"
      ]
    },
    "node_modules/lefthook-openbsd-x64": {
      "version": "2.0.1",
      "resolved": "https://registry.npmjs.org/lefthook-openbsd-x64/-/lefthook-openbsd-x64-2.0.1.tgz",
      "integrity": "sha512-22E1V889hx1rMOxgGFUc0ujiOAcM7kX0x7bCK6rfXFsqYl30X7A+4hj2JTwxRxSTb7ZkaiSFF64UE7iGi/f4AA==",
      "cpu": [
        "x64"
      ],
      "dev": true,
      "optional": true,
      "os": [
        "openbsd"
      ]
    },
    "node_modules/lefthook-windows-arm64": {
      "version": "2.0.1",
      "resolved": "https://registry.npmjs.org/lefthook-windows-arm64/-/lefthook-windows-arm64-2.0.1.tgz",
      "integrity": "sha512-0dDrCj0AatmJj5voABZ/7H27eZiaa1CVtTFYfKDRJj2+acEo3F7x/iadknftMqfjOjgjZpmRwSx49NWA2vMQjg==",
      "cpu": [
        "arm64"
      ],
      "dev": true,
      "optional": true,
      "os": [
        "win32"
      ]
    },
    "node_modules/lefthook-windows-x64": {
      "version": "2.0.1",
      "resolved": "https://registry.npmjs.org/lefthook-windows-x64/-/lefthook-windows-x64-2.0.1.tgz",
      "integrity": "sha512-vmbqUY7lsgYiDG9b9oc0zP9b/pHx6YpS310EBv6YkVEf8mseNRKRYwm6QqvOJ919rrmZfQpOFs5W+5O9K7zleg==",
      "cpu": [
        "x64"
      ],
      "dev": true,
      "optional": true,
      "os": [
        "win32"
      ]
    },
    "node_modules/node": {
      "version": "25.1.0",
      "resolved": "https://registry.npmjs.org/node/-/node-25.1.0.tgz",
      "integrity": "sha512-nYC3Zsz3ZQHGbBQrU8OAf63Qwhgptf352vQLGXVES2dL22QRrwjGzkuGS+C4FJ1b0awisMEe2tuPU87MDwj61A==",
      "hasInstallScript": true,
      "dependencies": {
        "node-bin-setup": "^1.0.0"
      },
      "bin": {
        "node": "bin/node"
      },
      "engines": {
        "npm": ">=5.0.0"
      }
    },
    "node_modules/node-bin-setup": {
      "version": "1.1.4",
      "resolved": "https://registry.npmjs.org/node-bin-setup/-/node-bin-setup-1.1.4.tgz",
      "integrity": "sha512-vWNHOne0ZUavArqPP5LJta50+S8R261Fr5SvGul37HbEDcowvLjwdvd0ZeSr0r2lTSrPxl6okq9QUw8BFGiAxA=="
    }
  },
  "dependencies": {
    "lefthook": {
      "version": "2.0.1",
      "resolved": "https://registry.npmjs.org/lefthook/-/lefthook-2.0.1.tgz",
      "integrity": "sha512-3jL1AmEnjchHyFL9GzBaRVcfcPTQLUtXawaF6Y6MXPPCSbirTh8q/is+Ijbd1zn0FA5MwQDdSYm0guVXUkeVWg==",
      "dev": true,
      "requires": {
        "lefthook-darwin-arm64": "2.0.1",
        "lefthook-darwin-x64": "2.0.1",
        "lefthook-freebsd-arm64": "2.0.1",
        "lefthook-freebsd-x64": "2.0.1",
        "lefthook-linux-arm64": "2.0.1",
        "lefthook-linux-x64": "2.0.1",
        "lefthook-openbsd-arm64": "2.0.1",
        "lefthook-openbsd-x64": "2.0.1",
        "lefthook-windows-arm64": "2.0.1",
        "lefthook-windows-x64": "2.0.1"
      }
    },
    "lefthook-darwin-arm64": {
      "version": "2.0.1",
      "resolved": "https://registry.npmjs.org/lefthook-darwin-arm64/-/lefthook-darwin-arm64-2.0.1.tgz",
      "integrity": "sha512-en5tDduXeltmlbBR/wECkwkILpghR9LxexeBuHWwyTZnOunm3bk4XGg9WKwT1sWlMaKJiXl7Tv0dUB/K1d3ajg==",
      "dev": true,
      "optional": true
    },
    "lefthook-darwin-x64": {
      "version": "2.0.1",
      "resolved": "https://registry.npmjs.org/lefthook-darwin-x64/-/lefthook-darwin-x64-2.0.1.tgz",
      "integrity": "sha512-upD7B5kK3/sAqUKWfcejvWwXmBfu4LK+0bwUZWHE0cuPsn9KEZ8zG0Vw7JSBhuSZ8LeZA8PudlmQXHvR3YjDew==",
      "dev": true,
      "optional": true
    },
    "lefthook-freebsd-arm64": {
      "version": "2.0.1",
      "resolved": "https://registry.npmjs.org/lefthook-freebsd-arm64/-/lefthook-freebsd-arm64-2.0.1.tgz",
      "integrity": "sha512-DqraAmqgSOllSzRjhjjaToswhpz0WWfnTo7HPws5BYOLghQJ/qErwXOXs2I76YqbHgXr831wtgkamQOVOfR0Jg==",
      "dev": true,
      "optional": true
    },
    "lefthook-freebsd-x64": {
      "version": "2.0.1",
      "resolved": "https://registry.npmjs.org/lefthook-freebsd-x64/-/lefthook-freebsd-x64-2.0.1.tgz",
      "integrity": "sha512-kdLmXvgWvSkFLBSIZGevkPEqoOwQIaHAtcXpbfn0unbsgqLG+u4V7Bnp73BfBUkc0ER+72W9gUas9HZALzTjEg==",
      "dev": true,
      "optional": true
    },
    "lefthook-linux-arm64": {
      "version": "2.0.1",
      "resolved": "https://registry.npmjs.org/lefthook-linux-arm64/-/lefthook-linux-arm64-2.0.1.tgz",
      "integrity": "sha512-pEQomhTh0SSeIv3G5337efm1BHQCBSrewYnUydkLFLMwkqzVzIW2119pk5bMNSKFQ2xoRs3AKww+odTgsQiLcQ==",
      "dev": true,
      "optional": true
    },
    "lefthook-linux-x64": {
      "version": "2.0.1",
      "resolved": "https://registry.npmjs.org/lefthook-linux-x64/-/lefthook-linux-x64-2.0.1.tgz",
      "integrity": "sha512-8tOmdiUU/awCoW/PJ25QmhHuHXUbDQ9BF3tADYuxgGSSCLtvx1Zvr+F4pyB8jCOAPvsx9XAt3UM3n8/nFXKYcw==",
      "dev": true,
      "optional": true
    },
    "lefthook-openbsd-arm64": {
      "version": "2.0.1",
      "resolved": "https://registry.npmjs.org/lefthook-openbsd-arm64/-/lefthook-openbsd-arm64-2.0.1.tgz",
      "integrity": "sha512-SBOMOjkyM7bQTvzTlnNS5PzfhJigZJYdmdcJ/H4EadJfxl+72v0YG9SHY64AdfuvZUB39AvaBD6UothZCtLuEQ==",
      "dev": true,
      "optional": true
    },
    "lefthook-openbsd-x64": {
      "version": "2.0.1",
      "resolved": "https://registry.npmjs.org/lefthook-openbsd-x64/-/lefthook-openbsd-x64-2.0.1.tgz",
      "integrity": "sha512-22E1V889hx1rMOxgGFUc0ujiOAcM7kX0x7bCK6rfXFsqYl30X7A+4hj2JTwxRxSTb7ZkaiSFF64UE7iGi/f4AA==",
      "dev": true,
      "optional": true
    },
    "lefthook-windows-arm64": {
      "version": "2.0.1",
      "resolved": "https://registry.npmjs.org/lefthook-windows-arm64/-/lefthook-windows-arm64-2.0.1.tgz",
      "integrity": "sha512-0dDrCj0AatmJj5voABZ/7H27eZiaa1CVtTFYfKDRJj2+acEo3F7x/iadknftMqfjOjgjZpmRwSx49NWA2vMQjg==",
      "dev": true,
      "optional": true
    },
    "lefthook-windows-x64": {
      "version": "2.0.1",
      "resolved": "https://registry.npmjs.org/lefthook-windows-x64/-/lefthook-windows-x64-2.0.1.tgz",
      "integrity": "sha512-vmbqUY7lsgYiDG9b9oc0zP9b/pHx6YpS310EBv6YkVEf8mseNRKRYwm6QqvOJ919rrmZfQpOFs5W+5O9K7zleg==",
      "dev": true,
      "optional": true
    },
    "node": {
      "version": "25.1.0",
      "resolved": "https://registry.npmjs.org/node/-/node-25.1.0.tgz",
      "integrity": "sha512-nYC3Zsz3ZQHGbBQrU8OAf63Qwhgptf352vQLGXVES2dL22QRrwjGzkuGS+C4FJ1b0awisMEe2tuPU87MDwj61A==",
      "requires": {
        "node-bin-setup": "^1.0.0"
      }
    },
    "node-bin-setup": {
      "version": "1.1.4",
      "resolved": "https://registry.npmjs.org/node-bin-setup/-/node-bin-setup-1.1.4.tgz",
      "integrity": "sha512-vWNHOne0ZUavArqPP5LJta50+S8R261Fr5SvGul37HbEDcowvLjwdvd0ZeSr0r2lTSrPxl6okq9QUw8BFGiAxA=="
    }
  }
}
